Microsoft Visual Studio Solution File, Format Version 12.00
# Visual Studio Version 17
VisualStudioVersion = 17.13.35828.75
MinimumVisualStudioVersion = 10.0.40219.1
Project("{FAE04EC0-301F-11D3-BF4B-00C04F79EFBC}") = "LexiconEx4", "LexiconEx4.csproj", "{94ABA94F-FA35-4E9E-9806-87765F5651DA}"
EndProject
Global
	GlobalSection(SolutionConfigurationPlatforms) = preSolution
		Debug|Any CPU = Debug|Any CPU
		Release|Any CPU = Release|Any CPU
	EndGlobalSection
	GlobalSection(ProjectConfigurationPlatforms) = postSolution
		{94ABA94F-FA35-4E9E-9806-87765F5651DA}.Debug|Any CPU.ActiveCfg = Debug|Any CPU
		{94ABA94F-FA35-4E9E-9806-87765F5651DA}.Debug|Any CPU.Build.0 = Debug|Any CPU
		{94ABA94F-FA35-4E9E-9806-87765F5651DA}.Release|Any CPU.ActiveCfg = Release|Any CPU
		{94ABA94F-FA35-4E9E-9806-87765F5651DA}.Release|Any CPU.Build.0 = Release|Any CPU
	EndGlobalSection
	GlobalSection(SolutionProperties) = preSolution
		HideSolutionNode = FALSE
	EndGlobalSection
	GlobalSection(ExtensibilityGlobals) = postSolution
		SolutionGuid = {887BEC2B-2A5B-4CDD-BEB3-B3F7C59C4B9D}
	EndGlobalSection
EndGlobal
